
Microsoft Visual Studio Solution File, Format Version 12.00
# Visual Studio 15
VisualStudioVersion = 15.0.27428.2037
MinimumVisualStudioVersion = 10.0.40219.1
Project("{FAE04EC0-301F-11D3-BF4B-00C04F79EFBC}") = "MultiTenancy.Web", "MultiTenancy\MultiTenancy.Web\MultiTenancy.Web.csproj", "{230722A2-75F9-4CFA-B7DF-63BED5B118BB}"
EndProject
Global
	GlobalSection(SolutionConfigurationPlatforms) = preSolution
		Debug|Any CPU = Debug|Any CPU
		Release|Any CPU = Release|Any CPU
	EndGlobalSection
	GlobalSection(ProjectConfigurationPlatforms) = postSolution
		{230722A2-75F9-4CFA-B7DF-63BED5B118BB}.Debug|Any CPU.ActiveCfg = Debug|Any CPU
		{230722A2-75F9-4CFA-B7DF-63BED5B118BB}.Debug|Any CPU.Build.0 = Debug|Any CPU
		{230722A2-75F9-4CFA-B7DF-63BED5B118BB}.Release|Any CPU.ActiveCfg = Release|Any CPU
		{230722A2-75F9-4CFA-B7DF-63BED5B118BB}.Release|Any CPU.Build.0 = Release|Any CPU
	EndGlobalSection
	GlobalSection(SolutionProperties) = preSolution
		HideSolutionNode = FALSE
	EndGlobalSection
	GlobalSection(ExtensibilityGlobals) = postSolution
		SolutionGuid = {DB97C394-ECAD-4F5C-9CF3-77DC1D5B54FB}
	EndGlobalSection
EndGlobal
